
Microsoft Visual Studio Solution File, Format Version 12.00
# Visual Studio 14
VisualStudioVersion = 14.0.25420.1
MinimumVisualStudioVersion = 10.0.40219.1
Project("{FAE04EC0-301F-11D3-BF4B-00C04F79EFBC}") = "ClientConsoleApplication", "ClientConsoleApplication\ClientConsoleApplication.csproj", "{182734D6-5AAC-4A36-9E0F-6DEC9415A0E4}"
EndProject
Project("{FAE04EC0-301F-11D3-BF4B-00C04F79EFBC}") = "MDCSharpClient", "MDCSharpClient\MDCSharpClient.csproj", "{15D4F553-2A28-4E63-B440-C036EE3CB9D2}"
EndProject
Global
	GlobalSection(SolutionConfigurationPlatforms) = preSolution
		Debug|Any CPU = Debug|Any CPU
		Release|Any CPU = Release|Any CPU
	EndGlobalSection
	GlobalSection(ProjectConfigurationPlatforms) = postSolution
		{182734D6-5AAC-4A36-9E0F-6DEC9415A0E4}.Debug|Any CPU.ActiveCfg = Debug|Any CPU
		{182734D6-5AAC-4A36-9E0F-6DEC9415A0E4}.Debug|Any CPU.Build.0 = Debug|Any CPU
		{182734D6-5AAC-4A36-9E0F-6DEC9415A0E4}.Release|Any CPU.ActiveCfg = Release|Any CPU
		{182734D6-5AAC-4A36-9E0F-6DEC9415A0E4}.Release|Any CPU.Build.0 = Release|Any CPU
		{15D4F553-2A28-4E63-B440-C036EE3CB9D2}.Debug|Any CPU.ActiveCfg = Debug|Any CPU
		{15D4F553-2A28-4E63-B440-C036EE3CB9D2}.Debug|Any CPU.Build.0 = Debug|Any CPU
		{15D4F553-2A28-4E63-B440-C036EE3CB9D2}.Release|Any CPU.ActiveCfg = Release|Any CPU
		{15D4F553-2A28-4E63-B440-C036EE3CB9D2}.Release|Any CPU.Build.0 = Release|Any CPU
	EndGlobalSection
	GlobalSection(SolutionProperties) = preSolution
		HideSolutionNode = FALSE
	EndGlobalSection
EndGlobal
